
Microsoft Visual Studio Solution File, Format Version 12.00
# Visual Studio Version 16
VisualStudioVersion = 16.0.30717.126
MinimumVisualStudioVersion = 10.0.40219.1
Project("{FAE04EC0-301F-11D3-BF4B-00C04F79EFBC}") = "bank", "bank\bank.csproj", "{A6D554B4-BD0A-4D21-AC61-0889A2620BC8}"
EndProject
Global
	GlobalSection(SolutionConfigurationPlatforms) = preSolution
		Debug|Any CPU = Debug|Any CPU
		Release|Any CPU = Release|Any CPU
	EndGlobalSection
	GlobalSection(ProjectConfigurationPlatforms) = postSolution
		{A6D554B4-BD0A-4D21-AC61-0889A2620BC8}.Debug|Any CPU.ActiveCfg = Debug|Any CPU
		{A6D554B4-BD0A-4D21-AC61-0889A2620BC8}.Debug|Any CPU.Build.0 = Debug|Any CPU
		{A6D554B4-BD0A-4D21-AC61-0889A2620BC8}.Release|Any CPU.ActiveCfg = Release|Any CPU
		{A6D554B4-BD0A-4D21-AC61-0889A2620BC8}.Release|Any CPU.Build.0 = Release|Any CPU
	EndGlobalSection
	GlobalSection(SolutionProperties) = preSolution
		HideSolutionNode = FALSE
	EndGlobalSection
	GlobalSection(ExtensibilityGlobals) = postSolution
		SolutionGuid = {1A03ADAA-6A71-4E32-B0D9-464C563375BA}
	EndGlobalSection
EndGlobal
